
Microsoft Visual Studio Solution File, Format Version 12.00
# Visual Studio Version 17
VisualStudioVersion = 17.4.33213.308
MinimumVisualStudioVersion = 10.0.40219.1
Project("{FAE04EC0-301F-11D3-BF4B-00C04F79EFBC}") = "Retrieve_Record_using_and_ADO_NET", "Retrieve_Record_using_and_ADO_NET.csproj", "{1384D514-9728-40E0-83D2-342174181EB5}"
EndProject
Global
	GlobalSection(SolutionConfigurationPlatforms) = preSolution
		Debug|Any CPU = Debug|Any CPU
		Release|Any CPU = Release|Any CPU
	EndGlobalSection
	GlobalSection(ProjectConfigurationPlatforms) = postSolution
		{1384D514-9728-40E0-83D2-342174181EB5}.Debug|Any CPU.ActiveCfg = Debug|Any CPU
		{1384D514-9728-40E0-83D2-342174181EB5}.Debug|Any CPU.Build.0 = Debug|Any CPU
		{1384D514-9728-40E0-83D2-342174181EB5}.Release|Any CPU.ActiveCfg = Release|Any CPU
		{1384D514-9728-40E0-83D2-342174181EB5}.Release|Any CPU.Build.0 = Release|Any CPU
	EndGlobalSection
	GlobalSection(SolutionProperties) = preSolution
		HideSolutionNode = FALSE
	EndGlobalSection
	GlobalSection(ExtensibilityGlobals) = postSolution
		SolutionGuid = {7B8BA771-CB49-431F-9122-3A69332E720E}
	EndGlobalSection
EndGlobal
