
Microsoft Visual Studio Solution File, Format Version 12.00
# Visual Studio Version 16
VisualStudioVersion = 16.0.30907.101
MinimumVisualStudioVersion = 10.0.40219.1
Project("{FAE04EC0-301F-11D3-BF4B-00C04F79EFBC}") = "Project.BLL", "Project.BLL.csproj", "{9BD60425-8502-4666-AC71-28101799786B}"
EndProject
Global
	GlobalSection(SolutionConfigurationPlatforms) = preSolution
		Debug|Any CPU = Debug|Any CPU
		Release|Any CPU = Release|Any CPU
	EndGlobalSection
	GlobalSection(ProjectConfigurationPlatforms) = postSolution
		{9BD60425-8502-4666-AC71-28101799786B}.Debug|Any CPU.ActiveCfg = Debug|Any CPU
		{9BD60425-8502-4666-AC71-28101799786B}.Debug|Any CPU.Build.0 = Debug|Any CPU
		{9BD60425-8502-4666-AC71-28101799786B}.Release|Any CPU.ActiveCfg = Release|Any CPU
		{9BD60425-8502-4666-AC71-28101799786B}.Release|Any CPU.Build.0 = Release|Any CPU
	EndGlobalSection
	GlobalSection(SolutionProperties) = preSolution
		HideSolutionNode = FALSE
	EndGlobalSection
	GlobalSection(ExtensibilityGlobals) = postSolution
		SolutionGuid = {6FA0D31D-6425-4986-9409-50A52FFC93E0}
	EndGlobalSection
EndGlobal
